
Microsoft Visual Studio Solution File, Format Version 12.00
# Visual Studio Version 17
VisualStudioVersion = 17.0.31919.166
MinimumVisualStudioVersion = 10.0.40219.1
Project("{FAE04EC0-301F-11D3-BF4B-00C04F79EFBC}") = "Exercise5a", "Exercise5a\Exercise5a.csproj", "{C58FE435-1F06-456A-80BF-0C8DC4713A91}"
EndProject
Global
	GlobalSection(SolutionConfigurationPlatforms) = preSolution
		Debug|Any CPU = Debug|Any CPU
		Release|Any CPU = Release|Any CPU
	EndGlobalSection
	GlobalSection(ProjectConfigurationPlatforms) = postSolution
		{C58FE435-1F06-456A-80BF-0C8DC4713A91}.Debug|Any CPU.ActiveCfg = Debug|Any CPU
		{C58FE435-1F06-456A-80BF-0C8DC4713A91}.Debug|Any CPU.Build.0 = Debug|Any CPU
		{C58FE435-1F06-456A-80BF-0C8DC4713A91}.Release|Any CPU.ActiveCfg = Release|Any CPU
		{C58FE435-1F06-456A-80BF-0C8DC4713A91}.Release|Any CPU.Build.0 = Release|Any CPU
	EndGlobalSection
	GlobalSection(SolutionProperties) = preSolution
		HideSolutionNode = FALSE
	EndGlobalSection
	GlobalSection(ExtensibilityGlobals) = postSolution
		SolutionGuid = {80D0B804-67C2-446E-83FC-A20057BAF487}
	EndGlobalSection
EndGlobal
